
Microsoft Visual Studio Solution File, Format Version 12.00
# Visual Studio Version 16
VisualStudioVersion = 16.0.28803.452
MinimumVisualStudioVersion = 10.0.40219.1
Project("{FAE04EC0-301F-11D3-BF4B-00C04F79EFBC}") = "WordUnscrambler", "WordUnscrambler\WordUnscrambler.csproj", "{E1CCB00B-6069-4231-9D04-0D498E4473D0}"
EndProject
Project("{FAE04EC0-301F-11D3-BF4B-00C04F79EFBC}") = "WordUnscrambler.Test.Unit", "WordUnscrambler.Test.Unit\WordUnscrambler.Test.Unit.csproj", "{161C7D2B-FCD5-4333-B59B-69D644123512}"
EndProject
Global
	GlobalSection(SolutionConfigurationPlatforms) = preSolution
		Debug|Any CPU = Debug|Any CPU
		Release|Any CPU = Release|Any CPU
	EndGlobalSection
	GlobalSection(ProjectConfigurationPlatforms) = postSolution
		{E1CCB00B-6069-4231-9D04-0D498E4473D0}.Debug|Any CPU.ActiveCfg = Debug|Any CPU
		{E1CCB00B-6069-4231-9D04-0D498E4473D0}.Debug|Any CPU.Build.0 = Debug|Any CPU
		{E1CCB00B-6069-4231-9D04-0D498E4473D0}.Release|Any CPU.ActiveCfg = Release|Any CPU
		{E1CCB00B-6069-4231-9D04-0D498E4473D0}.Release|Any CPU.Build.0 = Release|Any CPU
		{161C7D2B-FCD5-4333-B59B-69D644123512}.Debug|Any CPU.ActiveCfg = Debug|Any CPU
		{161C7D2B-FCD5-4333-B59B-69D644123512}.Debug|Any CPU.Build.0 = Debug|Any CPU
		{161C7D2B-FCD5-4333-B59B-69D644123512}.Release|Any CPU.ActiveCfg = Release|Any CPU
		{161C7D2B-FCD5-4333-B59B-69D644123512}.Release|Any CPU.Build.0 = Release|Any CPU
	EndGlobalSection
	GlobalSection(SolutionProperties) = preSolution
		HideSolutionNode = FALSE
	EndGlobalSection
	GlobalSection(ExtensibilityGlobals) = postSolution
		SolutionGuid = {EEEC0C58-1A2D-4C92-BB31-6E9DF66867F8}
	EndGlobalSection
EndGlobal
